
Microsoft Visual Studio Solution File, Format Version 12.00
# Visual Studio Version 16
VisualStudioVersion = 25.0.1705.5
MinimumVisualStudioVersion = 10.0.40219.1
Project("{FAE04EC0-301F-11D3-BF4B-00C04F79EFBC}") = "Sets", "Sets\Sets.csproj", "{7D77B79B-AD87-40FC-8E3C-D36A662814B8}"
EndProject
Global
	GlobalSection(SolutionConfigurationPlatforms) = preSolution
		Debug|Any CPU = Debug|Any CPU
		Release|Any CPU = Release|Any CPU
	EndGlobalSection
	GlobalSection(ProjectConfigurationPlatforms) = postSolution
		{7D77B79B-AD87-40FC-8E3C-D36A662814B8}.Debug|Any CPU.ActiveCfg = Debug|Any CPU
		{7D77B79B-AD87-40FC-8E3C-D36A662814B8}.Debug|Any CPU.Build.0 = Debug|Any CPU
		{7D77B79B-AD87-40FC-8E3C-D36A662814B8}.Release|Any CPU.ActiveCfg = Release|Any CPU
		{7D77B79B-AD87-40FC-8E3C-D36A662814B8}.Release|Any CPU.Build.0 = Release|Any CPU
	EndGlobalSection
	GlobalSection(SolutionProperties) = preSolution
		HideSolutionNode = FALSE
	EndGlobalSection
	GlobalSection(ExtensibilityGlobals) = postSolution
		SolutionGuid = {C17E9057-5722-4064-AA1F-5A6BE51827FD}
	EndGlobalSection
EndGlobal
